{
    "version": 3,
    "terraform_version": "0.10.8",
    "serial": 2,
    "lineage": "b1aa178d-cd0e-481e-b098-5cdb364ea5bf",
    "modules": [
        {
            "path": [
                "root"
            ],
            "outputs": {},
            "resources": {
                "aws_dynamodb_table.basic-dynamodb-table": {
                    "type": "aws_dynamodb_table",
                    "depends_on": [],
                    "primary": {
                        "id": "tapcode",
                        "attributes": {
                            "arn": "arn:aws:dynamodb:us-west-1:370771240857:table/tapcode",
                            "attribute.#": "1",
                            "attribute.4228504427.name": "id",
                            "attribute.4228504427.type": "S",
                            "global_secondary_index.#": "0",
                            "hash_key": "id",
                            "id": "tapcode",
                            "local_secondary_index.#": "0",
                            "name": "tapcode",
                            "read_capacity": "5",
                            "write_capacity": "5"
                        },
                        "meta": {
                            "schema_version": "1"
                        },
                        "tainted": false
                    },
                    "deposed": [],
                    "provider": ""
                }
            },
            "depends_on": []
        }
    ]
}
